<?xml version="1.0" encoding="utf-8"?>
<Project ToolsVersion="4.0" xmlns="http://schemas.microsoft.com/developer/msbuild/2003">
  <ItemGroup>
    <Filter Include="源文件">
      <UniqueIdentifier>{4FC737F1-C7A5-4376-A066-2A32D752A2FF}</UniqueIdentifier>
      <Extensions>cpp;c;cc;cxx;def;odl;idl;hpj;bat;asm;asmx</Extensions>
    </Filter>
    <Filter Include="头文件">
      <UniqueIdentifier>{93995380-89BD-4b04-88EB-625FBE52EBFB}</UniqueIdentifier>
      <Extensions>h;hh;hpp;hxx;hm;inl;inc;ipp;xsd</Extensions>
    </Filter>
    <Filter Include="资源文件">
      <UniqueIdentifier>{67DA6AB6-F800-4c08-8B7A-83BB121AAD01}</UniqueIdentifier>
      <Extensions>rc;ico;cur;bmp;dlg;rc2;rct;bin;rgs;gif;jpg;jpeg;jpe;resx;tiff;tif;png;wav;mfcribbon-ms</Extensions>
    </Filter>
  </ItemGroup>
  <ItemGroup>
    <ClInclude Include="CKamacCmdLineInfo.h">
      <Filter>头文件</Filter>
    </ClInclude>
    <ClInclude Include="CKamacSheet.h">
      <Filter>头文件</Filter>
    </ClInclude>
    <ClInclude Include="CNFStatic.h">
      <Filter>头文件</Filter>
    </ClInclude>
    <ClInclude Include="CPPAbout.h">
      <Filter>头文件</Filter>
    </ClInclude>
    <ClInclude Include="CPPMain.h">
      <Filter>头文件</Filter>
    </ClInclude>
    <ClInclude Include="CPPOptions.h">
      <Filter>头文件</Filter>
    </ClInclude>
    <ClInclude Include="INIReader.h">
      <Filter>头文件</Filter>
    </ClInclude>
    <ClInclude Include="Kamac.h">
      <Filter>头文件</Filter>
    </ClInclude>
    <ClInclude Include="NTRAY.H">
      <Filter>头文件</Filter>
    </ClInclude>
    <ClInclude Include="pch.h">
      <Filter>头文件</Filter>
    </ClInclude>
    <ClInclude Include="Registry.h">
      <Filter>头文件</Filter>
    </ClInclude>
    <ClInclude Include="resource.h">
      <Filter>头文件</Filter>
    </ClInclude>
    <ClInclude Include="SimpleIni.h">
      <Filter>头文件</Filter>
    </ClInclude>
    <ClInclude Include="targetver.h">
      <Filter>头文件</Filter>
    </ClInclude>
    <ClInclude Include="XHTMLStatic.h">
      <Filter>头文件</Filter>
    </ClInclude>
    <ClInclude Include="XNamedColors.h">
      <Filter>头文件</Filter>
    </ClInclude>
    <ClInclude Include="CKamacOptions.h">
      <Filter>头文件</Filter>
    </ClInclude>
    <ClInclude Include="CHistoryMan.h">
      <Filter>头文件</Filter>
    </ClInclude>
    <ClInclude Include="HighColorTab.hpp">
      <Filter>头文件</Filter>
    </ClInclude>
    <ClInclude Include="CUtil.h">
      <Filter>头文件</Filter>
    </ClInclude>
  </ItemGroup>
  <ItemGroup>
    <ClCompile Include="CKamacCmdLineInfo.cpp">
      <Filter>源文件</Filter>
    </ClCompile>
    <ClCompile Include="CKamacSheet.cpp">
      <Filter>源文件</Filter>
    </ClCompile>
    <ClCompile Include="CNFStatic.cpp">
      <Filter>源文件</Filter>
    </ClCompile>
    <ClCompile Include="CPPAbout.cpp">
      <Filter>源文件</Filter>
    </ClCompile>
    <ClCompile Include="CPPOptions.cpp">
      <Filter>源文件</Filter>
    </ClCompile>
    <ClCompile Include="Kamac.cpp">
      <Filter>源文件</Filter>
    </ClCompile>
    <ClCompile Include="NTRAY.CPP">
      <Filter>源文件</Filter>
    </ClCompile>
    <ClCompile Include="pch.cpp">
      <Filter>源文件</Filter>
    </ClCompile>
    <ClCompile Include="Registry.cpp">
      <Filter>源文件</Filter>
    </ClCompile>
    <ClCompile Include="CPPMain.cpp">
      <Filter>源文件</Filter>
    </ClCompile>
    <ClCompile Include="XHTMLStatic.cpp">
      <Filter>源文件</Filter>
    </ClCompile>
    <ClCompile Include="XNamedColors.cpp">
      <Filter>源文件</Filter>
    </ClCompile>
    <ClCompile Include="CHistoryMan.cpp">
      <Filter>源文件</Filter>
    </ClCompile>
  </ItemGroup>
  <ItemGroup>
    <ResourceCompile Include="Kamac.rc">
      <Filter>资源文件</Filter>
    </ResourceCompile>
  </ItemGroup>
  <ItemGroup>
    <Image Include="res\Kamac.ico">
      <Filter>资源文件</Filter>
    </Image>
    <Image Include="res\Kamac.bmp">
      <Filter>资源文件</Filter>
    </Image>
    <Image Include="res\home.ico">
      <Filter>资源文件</Filter>
    </Image>
    <Image Include="res\Options.ico">
      <Filter>资源文件</Filter>
    </Image>
    <Image Include="res\about.ico">
      <Filter>资源文件</Filter>
    </Image>
    <Image Include="res\Keyboard.ico">
      <Filter>资源文件</Filter>
    </Image>
    <Image Include="res\Mouse.ico">
      <Filter>资源文件</Filter>
    </Image>
    <Image Include="res\Mouse-left.ico">
      <Filter>资源文件</Filter>
    </Image>
    <Image Include="res\Mouse-right.ico">
      <Filter>资源文件</Filter>
    </Image>
    <Image Include="res\Mouse-middle.ico">
      <Filter>资源文件</Filter>
    </Image>
    <Image Include="res\Key-k.ico">
      <Filter>资源文件</Filter>
    </Image>
    <Image Include="res\Walk.ico">
      <Filter>资源文件</Filter>
    </Image>
  </ItemGroup>
</Project>